{
  "version": 4,
  "terraform_version": "1.14.3",
  "serial": 3,
  "lineage": "10d4aacb-43a4-2b50-6171-d4395268b8e4",
  "outputs": {},
  "resources": [
    {
      "mode": "managed",
      "type": "supabase_settings",
      "name": "projeto_leads",
      "provider": "provider[\"registry.terraform.io/supabase/supabase\"]",
      "instances": [
        {
          "schema_version": 0,
          "attributes": {
            "api": "{\"db_extra_search_path\":\"public,extensions\",\"db_schema\":\"public,storage,graphql_public\"}",
            "auth": null,
            "database": null,
            "id": "qcnwrjrkgoubbuxyfzii",
            "network": null,
            "pooler": null,
            "project_ref": "qcnwrjrkgoubbuxyfzii",
            "storage": null
          },
          "sensitive_attributes": [],
          "identity_schema_version": 0
        }
      ]
    }
  ],
  "check_results": null
}
